
Microsoft Visual Studio Solution File, Format Version 12.00
# Visual Studio Version 17
VisualStudioVersion = 17.8.34322.80
MinimumVisualStudioVersion = 10.0.40219.1
Project("{9A19103F-16F7-4668-BE54-9A1E7A4F7556}") = "Rmg.CORE", "Rmg.Core\Rmg.CORE.csproj", "{9C1BA208-3621-4584-913B-281A3CE24169}"
EndProject
Project("{9A19103F-16F7-4668-BE54-9A1E7A4F7556}") = "Rmg.DAL", "Rmg.DAl\Rmg.DAL.csproj", "{48FE895D-7421-44EF-A59B-9AFAAD35A054}"
EndProject
Project("{FAE04EC0-301F-11D3-BF4B-00C04F79EFBC}") = "Rmg.WEB", "Rmg.WEB\Rmg.WEB.csproj", "{6DCA67AA-65C3-4727-80D4-B2B5628C792C}"
EndProject
Global
	GlobalSection(SolutionConfigurationPlatforms) = preSolution
		Debug|Any CPU = Debug|Any CPU
		Release|Any CPU = Release|Any CPU
	EndGlobalSection
	GlobalSection(ProjectConfigurationPlatforms) = postSolution
		{9C1BA208-3621-4584-913B-281A3CE24169}.Debug|Any CPU.ActiveCfg = Debug|Any CPU
		{9C1BA208-3621-4584-913B-281A3CE24169}.Debug|Any CPU.Build.0 = Debug|Any CPU
		{9C1BA208-3621-4584-913B-281A3CE24169}.Release|Any CPU.ActiveCfg = Release|Any CPU
		{9C1BA208-3621-4584-913B-281A3CE24169}.Release|Any CPU.Build.0 = Release|Any CPU
		{48FE895D-7421-44EF-A59B-9AFAAD35A054}.Debug|Any CPU.ActiveCfg = Debug|Any CPU
		{48FE895D-7421-44EF-A59B-9AFAAD35A054}.Debug|Any CPU.Build.0 = Debug|Any CPU
		{48FE895D-7421-44EF-A59B-9AFAAD35A054}.Release|Any CPU.ActiveCfg = Release|Any CPU
		{48FE895D-7421-44EF-A59B-9AFAAD35A054}.Release|Any CPU.Build.0 = Release|Any CPU
		{6DCA67AA-65C3-4727-80D4-B2B5628C792C}.Debug|Any CPU.ActiveCfg = Debug|Any CPU
		{6DCA67AA-65C3-4727-80D4-B2B5628C792C}.Debug|Any CPU.Build.0 = Debug|Any CPU
		{6DCA67AA-65C3-4727-80D4-B2B5628C792C}.Release|Any CPU.ActiveCfg = Release|Any CPU
		{6DCA67AA-65C3-4727-80D4-B2B5628C792C}.Release|Any CPU.Build.0 = Release|Any CPU
	EndGlobalSection
	GlobalSection(SolutionProperties) = preSolution
		HideSolutionNode = FALSE
	EndGlobalSection
	GlobalSection(ExtensibilityGlobals) = postSolution
		SolutionGuid = {E1ED4FFF-201D-42F6-96FA-FDE54B04001C}
	EndGlobalSection
EndGlobal
